
Microsoft Visual Studio Solution File, Format Version 12.00
# Visual Studio Version 16
VisualStudioVersion = 16.0.30128.74
MinimumVisualStudioVersion = 10.0.40219.1
Project("{FAE04EC0-301F-11D3-BF4B-00C04F79EFBC}") = "matchgame", "matchgame\matchgame.csproj", "{B108EB68-EA7C-4B38-88DA-3ACA2790898E}"
EndProject
Global
	GlobalSection(SolutionConfigurationPlatforms) = preSolution
		Debug|Any CPU = Debug|Any CPU
		Release|Any CPU = Release|Any CPU
	EndGlobalSection
	GlobalSection(ProjectConfigurationPlatforms) = postSolution
		{B108EB68-EA7C-4B38-88DA-3ACA2790898E}.Debug|Any CPU.ActiveCfg = Debug|Any CPU
		{B108EB68-EA7C-4B38-88DA-3ACA2790898E}.Debug|Any CPU.Build.0 = Debug|Any CPU
		{B108EB68-EA7C-4B38-88DA-3ACA2790898E}.Release|Any CPU.ActiveCfg = Release|Any CPU
		{B108EB68-EA7C-4B38-88DA-3ACA2790898E}.Release|Any CPU.Build.0 = Release|Any CPU
	EndGlobalSection
	GlobalSection(SolutionProperties) = preSolution
		HideSolutionNode = FALSE
	EndGlobalSection
	GlobalSection(ExtensibilityGlobals) = postSolution
		SolutionGuid = {C683D328-85A8-4D66-A0A0-B58D688DA7F3}
	EndGlobalSection
EndGlobal
